// !$*UTF8*$!
{
	archiveVersion = 1;
	classes = {
	};
	objectVersion = 46;
	objects = {

/* Begin PBXBuildFile section */
		D53A24621D0E0CB500443C97 /* AppDelegate.swift in Sources */ = {isa = PBXBuildFile; fileRef = D53A24611D0E0CB500443C97 /* AppDelegate.swift */; };
		D53A24641D0E0CB500443C97 /* FirstViewController.swift in Sources */ = {isa = PBXBuildFile; fileRef = D53A24631D0E0CB500443C97 /* FirstViewController.swift */; };
		D53A24661D0E0CB500443C97 /* SecondViewController.swift in Sources */ = {isa = PBXBuildFile; fileRef = D53A24651D0E0CB500443C97 /* SecondViewController.swift */; };
		D53A24691D0E0CB500443C97 /* Main.storyboard in Resources */ = {isa = PBXBuildFile; fileRef = D53A24671D0E0CB500443C97 /* Main.storyboard */; };
		D53A246B1D0E0CB500443C97 /* Assets.xcassets in Resources */ = {isa = PBXBuildFile; fileRef = D53A246A1D0E0CB500443C97 /* Assets.xcassets */; };
		D53A246E1D0E0CB500443C97 /* LaunchScreen.storyboard in Resources */ = {isa = PBXBuildFile; fileRef = D53A246C1D0E0CB500443C97 /* LaunchScreen.storyboard */; };
/* End PBXBuildFile section */

/* Begin PBXFileReference section */
		D53A245E1D0E0CB500443C97 /* To Do List.app */ = {isa = PBXFileReference; explicitFileType = wrapper.application; includeInIndex = 0; path = "To Do List.app"; sourceTree = BUILT_PRODUCTS_DIR; };
		D53A24611D0E0CB500443C97 /* AppDelegate.swift */ = {isa = PBXFileReference; lastKnownFileType = sourcecode.swift; path = AppDelegate.swift; sourceTree = "<group>"; };
		D53A24631D0E0CB500443C97 /* FirstViewController.swift */ = {isa = PBXFileReference; lastKnownFileType = sourcecode.swift; path = FirstViewController.swift; sourceTree = "<group>"; };
		D53A24651D0E0CB500443C97 /* SecondViewController.swift */ = {isa = PBXFileReference; lastKnownFileType = sourcecode.swift; path = SecondViewController.swift; sourceTree = "<group>"; };
		D53A24681D0E0CB500443C97 /* Base */ = {isa = PBXFileReference; lastKnownFileType = file.storyboard; name = Base; path = Base.lproj/Main.storyboard; sourceTree = "<group>"; };
		D53A246A1D0E0CB500443C97 /* Assets.xcassets */ = {isa = PBXFileReference; lastKnownFileType = folder.assetcatalog; path = Assets.xcassets; sourceTree = "<group>"; };
		D53A246D1D0E0CB500443C97 /* Base */ = {isa = PBXFileReference; lastKnownFileType = file.storyboard; name = Base; path = Base.lproj/LaunchScreen.storyboard; sourceTree = "<group>"; };
		D53A246F1D0E0CB500443C97 /* Info.plist */ = {isa = PBXFileReference; lastKnownFileType = text.plist.xml; path = Info.plist; sourceTree = "<group>"; };
/* End PBXFileReference section */

/* Begin PBXFrameworksBuildPhase section */
		D53A245B1D0E0CB500443C97 /* Frameworks */ = {
			isa = PBXFrameworksBuildPhase;
			buildActionMask = 2147483647;
			files = (
			);
			runOnlyForDeploymentPostprocessing = 0;
		};
/* End PBXFrameworksBuildPhase section */

/* Begin PBXGroup section */
		D53A24551D0E0CB500443C97 = {
			isa = PBXGroup;
			children = (
				D53A24601D0E0CB500443C97 /* To Do List */,
				D53A245F1D0E0CB500443C97 /* Products */,
			);
			sourceTree = "<group>";
		};
		D53A245F1D0E0CB500443C97 /* Products */ = {
			isa = PBXGroup;
			children = (
				D53A245E1D0E0CB500443C97 /* To Do List.app */,
			);
			name = Products;
			sourceTree = "<group>";
		};
		D53A24601D0E0CB500443C97 /* To Do List */ = {
			isa = PBXGroup;
			children = (
				D53A24611D0E0CB500443C97 /* AppDelegate.swift */,
				D53A24631D0E0CB500443C97 /* FirstViewController.swift */,
				D53A24651D0E0CB500443C97 /* SecondViewController.swift */,
				D53A24671D0E0CB500443C97 /* Main.storyboard */,
				D53A246A1D0E0CB500443C97 /* Assets.xcassets */,
				D53A246C1D0E0CB500443C97 /* LaunchScreen.storyboard */,
				D53A246F1D0E0CB500443C97 /* Info.plist */,
			);
			path = "To Do List";
			sourceTree = "<group>";
		};
/* End PBXGroup section */

/* Begin PBXNativeTarget section */
		D53A245D1D0E0CB500443C97 /* To Do List */ = {
			isa = PBXNativeTarget;
			buildConfigurationList = D53A24721D0E0CB500443C97 /* Build configuration list for PBXNativeTarget "To Do List" */;
			buildPhases = (
				D53A245A1D0E0CB500443C97 /* Sources */,
				D53A245B1D0E0CB500443C97 /* Frameworks */,
				D53A245C1D0E0CB500443C97 /* Resources */,
			);
			buildRules = (
			);
			dependencies = (
			);
			name = "To Do List";
			productName = "To Do List";
			productReference = D53A245E1D0E0CB500443C97 /* To Do List.app */;
			productType = "com.apple.product-type.application";
		};
/* End PBXNativeTarget section */

/* Begin PBXProject section */
		D53A24561D0E0CB500443C97 /* Project object */ = {
			isa = PBXProject;
			attributes = {
				LastSwiftUpdateCheck = 0730;
				LastUpgradeCheck = 0730;
				ORGANIZATIONNAME = Italyte;
				TargetAttributes = {
					D53A245D1D0E0CB500443C97 = {
						CreatedOnToolsVersion = 7.3.1;
					};
				};
			};
			buildConfigurationList = D53A24591D0E0CB500443C97 /* Build configuration list for PBXProject "To Do List" */;
			compatibilityVersion = "Xcode 3.2";
			developmentRegion = English;
			hasScannedForEncodings = 0;
			knownRegions = (
				en,
				Base,
			);
			mainGroup = D53A24551D0E0CB500443C97;
			productRefGroup = D53A245F1D0E0CB500443C97 /* Products */;
			projectDirPath = "";
			projectRoot = "";
			targets = (
				D53A245D1D0E0CB500443C97 /* To Do List */,
			);
		};
/* End PBXProject section */

/* Begin PBXResourcesBuildPhase section */
		D53A245C1D0E0CB500443C97 /* Resources */ = {
			isa = PBXResourcesBuildPhase;
			buildActionMask = 2147483647;
			files = (
				D53A246E1D0E0CB500443C97 /* LaunchScreen.storyboard in Resources */,
				D53A246B1D0E0CB500443C97 /* Assets.xcassets in Resources */,
				D53A24691D0E0CB500443C97 /* Main.storyboard in Resources */,
			);
			runOnlyForDeploymentPostprocessing = 0;
		};
/* End PBXResourcesBuildPhase section */

/* Begin PBXSourcesBuildPhase section */
		D53A245A1D0E0CB500443C97 /* Sources */ = {
			isa = PBXSourcesBuildPhase;
			buildActionMask = 2147483647;
			files = (
				D53A24661D0E0CB500443C97 /* SecondViewController.swift in Sources */,
				D53A24621D0E0CB500443C97 /* AppDelegate.swift in Sources */,
				D53A24641D0E0CB500443C97 /* FirstViewController.swift in Sources */,
			);
			runOnlyForDeploymentPostprocessing = 0;
		};
/* End PBXSourcesBuildPhase section */

/* Begin PBXVariantGroup section */
		D53A24671D0E0CB500443C97 /* Main.storyboard */ = {
			isa = PBXVariantGroup;
			children = (
				D53A24681D0E0CB500443C97 /* Base */,
			);
			name = Main.storyboard;
			sourceTree = "<group>";
		};
		D53A246C1D0E0CB500443C97 /* LaunchScreen.storyboard */ = {
			isa = PBXVariantGroup;
			children = (
				D53A246D1D0E0CB500443C97 /* Base */,
			);
			name = LaunchScreen.storyboard;
			sourceTree = "<group>";
		};
/* End PBXVariantGroup section */

/* Begin XCBuildConfiguration section */
		D53A24701D0E0CB500443C97 /* Debug */ = {
			isa = XCBuildConfiguration;
			buildSettings = {
				ALWAYS_SEARCH_USER_PATHS = NO;
				CLANG_ANALYZER_NONNULL = YES;
				CLANG_CXX_LANGUAGE_STANDARD = "gnu++0x";
				CLANG_CXX_LIBRARY = "libc++";
				CLANG_ENABLE_MODULES = YES;
				CLANG_ENABLE_OBJC_ARC = YES;
				CLANG_WARN_BOOL_CONVERSION = YES;
				CLANG_WARN_CONSTANT_CONVERSION = YES;
				CLANG_WARN_DIRECT_OBJC_ISA_USAGE = YES_ERROR;
				CLANG_WARN_EMPTY_BODY = YES;
				CLANG_WARN_ENUM_CONVERSION = YES;
				CLANG_WARN_INT_CONVERSION = YES;
				CLANG_WARN_OBJC_ROOT_CLASS = YES_ERROR;
				CLANG_WARN_UNREACHABLE_CODE = YES;
				CLANG_WARN__DUPLICATE_METHOD_MATCH = YES;
				"CODE_SIGN_IDENTITY[sdk=iphoneos*]" = "iPhone Developer";
				COPY_PHASE_STRIP = NO;
				DEBUG_INFORMATION_FORMAT = dwarf;
				ENABLE_STRICT_OBJC_MSGSEND = YES;
				ENABLE_TESTABILITY = YES;
				GCC_C_LANGUAGE_STANDARD = gnu99;
				GCC_DYNAMIC_NO_PIC = NO;
				GCC_NO_COMMON_BLOCKS = YES;
				GCC_OPTIMIZATION_LEVEL = 0;
				GCC_PREPROCESSOR_DEFINITIONS = (
					"DEBUG=1",
					"$(inherited)",
				);
				GCC_WARN_64_TO_32_BIT_CONVERSION = YES;
				GCC_WARN_ABOUT_RETURN_TYPE = YES_ERROR;
				GCC_WARN_UNDECLARED_SELECTOR = YES;
				GCC_WARN_UNINITIALIZED_AUTOS = YES_AGGRESSIVE;
				GCC_WARN_UNUSED_FUNCTION = YES;
				GCC_WARN_UNUSED_VARIABLE = YES;
				IPHONEOS_DEPLOYMENT_TARGET = 9.3;
				MTL_ENABLE_DEBUG_INFO = YES;
				ONLY_ACTIVE_ARCH = YES;
				SDKROOT = iphoneos;
				SWIFT_OPTIMIZATION_LEVEL = "-Onone";
			};
			name = Debug;
		};
		D53A24711D0E0CB500443C97 /* Release */ = {
			isa = XCBuildConfiguration;
			buildSettings = {
				ALWAYS_SEARCH_USER_PATHS = NO;
				CLANG_ANALYZER_NONNULL = YES;
				CLANG_CXX_LANGUAGE_STANDARD = "gnu++0x";
				CLANG_CXX_LIBRARY = "libc++";
				CLANG_ENABLE_MODULES = YES;
				CLANG_ENABLE_OBJC_ARC = YES;
				CLANG_WARN_BOOL_CONVERSION = YES;
				CLANG_WARN_CONSTANT_CONVERSION = YES;
				CLANG_WARN_DIRECT_OBJC_ISA_USAGE = YES_ERROR;
				CLANG_WARN_EMPTY_BODY = YES;
				CLANG_WARN_ENUM_CONVERSION = YES;
				CLANG_WARN_INT_CONVERSION = YES;
				CLANG_WARN_OBJC_ROOT_CLASS = YES_ERROR;
				CLANG_WARN_UNREACHABLE_CODE = YES;
				CLANG_WARN__DUPLICATE_METHOD_MATCH = YES;
				"CODE_SIGN_IDENTITY[sdk=iphoneos*]" = "iPhone Developer";
				COPY_PHASE_STRIP = NO;
				DEBUG_INFORMATION_FORMAT = "dwarf-with-dsym";
				ENABLE_NS_ASSERTIONS = NO;
				ENABLE_STRICT_OBJC_MSGSEND = YES;
				GCC_C_LANGUAGE_STANDARD = gnu99;
				GCC_NO_COMMON_BLOCKS = YES;
				GCC_WARN_64_TO_32_BIT_CONVERSION = YES;
				GCC_WARN_ABOUT_RETURN_TYPE = YES_ERROR;
				GCC_WARN_UNDECLARED_SELECTOR = YES;
				GCC_WARN_UNINITIALIZED_AUTOS = YES_AGGRESSIVE;
				GCC_WARN_UNUSED_FUNCTION = YES;
				GCC_WARN_UNUSED_VARIABLE = YES;
				IPHONEOS_DEPLOYMENT_TARGET = 9.3;
				MTL_ENABLE_DEBUG_INFO = NO;
				SDKROOT = iphoneos;
				VALIDATE_PRODUCT = YES;
			};
			name = Release;
		};
		D53A24731D0E0CB500443C97 /* Debug */ = {
			isa = XCBuildConfiguration;
			buildSettings = {
				ASSETCATALOG_COMPILER_APPICON_NAME = AppIcon;
				INFOPLIST_FILE = "To Do List/Info.plist";
				LD_RUNPATH_SEARCH_PATHS = "$(inherited) @executable_path/Frameworks";
				PRODUCT_BUNDLE_IDENTIFIER = "com.Italyte.To-Do-List";
				PRODUCT_NAME = "$(TARGET_NAME)";
			};
			name = Debug;
		};
		D53A24741D0E0CB500443C97 /* Release */ = {
			isa = XCBuildConfiguration;
			buildSettings = {
				ASSETCATALOG_COMPILER_APPICON_NAME = AppIcon;
				INFOPLIST_FILE = "To Do List/Info.plist";
				LD_RUNPATH_SEARCH_PATHS = "$(inherited) @executable_path/Frameworks";
				PRODUCT_BUNDLE_IDENTIFIER = "com.Italyte.To-Do-List";
				PRODUCT_NAME = "$(TARGET_NAME)";
			};
			name = Release;
		};
/* End XCBuildConfiguration section */

/* Begin XCConfigurationList section */
		D53A24591D0E0CB500443C97 /* Build configuration list for PBXProject "To Do List" */ = {
			isa = XCConfigurationList;
			buildConfigurations = (
				D53A24701D0E0CB500443C97 /* Debug */,
				D53A24711D0E0CB500443C97 /* Release */,
			);
			defaultConfigurationIsVisible = 0;
			defaultConfigurationName = Release;
		};
		D53A24721D0E0CB500443C97 /* Build configuration list for PBXNativeTarget "To Do List" */ = {
			isa = XCConfigurationList;
			buildConfigurations = (
				D53A24731D0E0CB500443C97 /* Debug */,
				D53A24741D0E0CB500443C97 /* Release */,
			);
			defaultConfigurationIsVisible = 0;
		};
/* End XCConfigurationList section */
	};
	rootObject = D53A24561D0E0CB500443C97 /* Project object */;
}
